
Microsoft Visual Studio Solution File, Format Version 12.00
Project("{FAE04EC0-301F-11D3-BF4B-00C04F79EFBC}") = "Sudoku.Web", "Sudoku.Web\Sudoku.Web.csproj", "{3EA18677-DD4D-4DE3-9D73-FFAA29CF50D1}"
EndProject
Project("{FAE04EC0-301F-11D3-BF4B-00C04F79EFBC}") = "Sudoku.Model", "Sudoku.Model\Sudoku.Model.csproj", "{A1751F0E-3EAD-42A2-B99B-677221456A61}"
EndProject
Global
	GlobalSection(SolutionConfigurationPlatforms) = preSolution
		Debug|Any CPU = Debug|Any CPU
		Release|Any CPU = Release|Any CPU
	EndGlobalSection
	GlobalSection(ProjectConfigurationPlatforms) = postSolution
		{3EA18677-DD4D-4DE3-9D73-FFAA29CF50D1}.Debug|Any CPU.ActiveCfg = Debug|Any CPU
		{3EA18677-DD4D-4DE3-9D73-FFAA29CF50D1}.Debug|Any CPU.Build.0 = Debug|Any CPU
		{3EA18677-DD4D-4DE3-9D73-FFAA29CF50D1}.Release|Any CPU.ActiveCfg = Release|Any CPU
		{3EA18677-DD4D-4DE3-9D73-FFAA29CF50D1}.Release|Any CPU.Build.0 = Release|Any CPU
		{A1751F0E-3EAD-42A2-B99B-677221456A61}.Debug|Any CPU.ActiveCfg = Debug|Any CPU
		{A1751F0E-3EAD-42A2-B99B-677221456A61}.Debug|Any CPU.Build.0 = Debug|Any CPU
		{A1751F0E-3EAD-42A2-B99B-677221456A61}.Release|Any CPU.ActiveCfg = Release|Any CPU
		{A1751F0E-3EAD-42A2-B99B-677221456A61}.Release|Any CPU.Build.0 = Release|Any CPU
	EndGlobalSection
EndGlobal
